// !$*UTF8*$!
{
	archiveVersion = 1;
	classes = {
	};
	objectVersion = 50;
	objects = {

/* Begin PBXBuildFile section */
		87CEB40126302EDA003ACA17 /* AppDelegate.m in Sources */ = {isa = PBXBuildFile; fileRef = 87CEB40026302EDA003ACA17 /* AppDelegate.m */; };
		87CEB40426302EDA003ACA17 /* SceneDelegate.m in Sources */ = {isa = PBXBuildFile; fileRef = 87CEB40326302EDA003ACA17 /* SceneDelegate.m */; };
		87CEB40726302EDA003ACA17 /* ViewController.m in Sources */ = {isa = PBXBuildFile; fileRef = 87CEB40626302EDA003ACA17 /* ViewController.m */; };
		87CEB40A26302EDA003ACA17 /* Main.storyboard in Resources */ = {isa = PBXBuildFile; fileRef = 87CEB40826302EDA003ACA17 /* Main.storyboard */; };
		87CEB40C26302EDC003ACA17 /* Assets.xcassets in Resources */ = {isa = PBXBuildFile; fileRef = 87CEB40B26302EDC003ACA17 /* Assets.xcassets */; };
		87CEB40F26302EDC003ACA17 /* LaunchScreen.storyboard in Resources */ = {isa = PBXBuildFile; fileRef = 87CEB40D26302EDC003ACA17 /* LaunchScreen.storyboard */; };
		87CEB41226302EDC003ACA17 /* main.m in Sources */ = {isa = PBXBuildFile; fileRef = 87CEB41126302EDC003ACA17 /* main.m */; };
		87CEB41C26302EDC003ACA17 /* AppBaseConfigTests.m in Sources */ = {isa = PBXBuildFile; fileRef = 87CEB41B26302EDC003ACA17 /* AppBaseConfigTests.m */; };
		87CEB42726302EDC003ACA17 /* AppBaseConfigUITests.m in Sources */ = {isa = PBXBuildFile; fileRef = 87CEB42626302EDC003ACA17 /* AppBaseConfigUITests.m */; };
		87CEB466263032E7003ACA17 /* SSKeychain.m in Sources */ = {isa = PBXBuildFile; fileRef = 87CEB445263032E7003ACA17 /* SSKeychain.m */; };
		87CEB467263032E7003ACA17 /* UIImageView+Method.m in Sources */ = {isa = PBXBuildFile; fileRef = 87CEB44A263032E7003ACA17 /* UIImageView+Method.m */; };
		87CEB468263032E7003ACA17 /* UILabel+Method.m in Sources */ = {isa = PBXBuildFile; fileRef = 87CEB44B263032E7003ACA17 /* UILabel+Method.m */; };
		87CEB469263032E7003ACA17 /* UIImage+Method.m in Sources */ = {isa = PBXBuildFile; fileRef = 87CEB44C263032E7003ACA17 /* UIImage+Method.m */; };
		87CEB46A263032E7003ACA17 /* UIView+Frame.m in Sources */ = {isa = PBXBuildFile; fileRef = 87CEB44E263032E7003ACA17 /* UIView+Frame.m */; };
		87CEB46B263032E7003ACA17 /* NSDate+Method.m in Sources */ = {isa = PBXBuildFile; fileRef = 87CEB44F263032E7003ACA17 /* NSDate+Method.m */; };
		87CEB46C263032E7003ACA17 /* NSString+Common.m in Sources */ = {isa = PBXBuildFile; fileRef = 87CEB453263032E7003ACA17 /* NSString+Common.m */; };
		87CEB46D263032E7003ACA17 /* UIFont+Method.m in Sources */ = {isa = PBXBuildFile; fileRef = 87CEB454263032E7003ACA17 /* UIFont+Method.m */; };
		87CEB46E263032E7003ACA17 /* UIButton+Method.m in Sources */ = {isa = PBXBuildFile; fileRef = 87CEB455263032E7003ACA17 /* UIButton+Method.m */; };
		87CEB46F263032E7003ACA17 /* UIDevice+Method.m in Sources */ = {isa = PBXBuildFile; fileRef = 87CEB456263032E7003ACA17 /* UIDevice+Method.m */; };
		87CEB470263032E7003ACA17 /* NSMutableString+Method.m in Sources */ = {isa = PBXBuildFile; fileRef = 87CEB45C263032E7003ACA17 /* NSMutableString+Method.m */; };
		87CEB471263032E7003ACA17 /* NSLayoutConstraint+Property.m in Sources */ = {isa = PBXBuildFile; fileRef = 87CEB45D263032E7003ACA17 /* NSLayoutConstraint+Property.m */; };
		87CEB472263032E7003ACA17 /* UIBarButtonItem+Method.m in Sources */ = {isa = PBXBuildFile; fileRef = 87CEB45E263032E7003ACA17 /* UIBarButtonItem+Method.m */; };
		87CEB473263032E7003ACA17 /* NSBundle+Language.m in Sources */ = {isa = PBXBuildFile; fileRef = 87CEB460263032E7003ACA17 /* NSBundle+Language.m */; };
		87CEB474263032E7003ACA17 /* MLongTitleLabel.m in Sources */ = {isa = PBXBuildFile; fileRef = 87CEB464263032E7003ACA17 /* MLongTitleLabel.m */; };
/* End PBXBuildFile section */

/* Begin PBXContainerItemProxy section */
		87CEB41826302EDC003ACA17 /* PBXContainerItemProxy */ = {
			isa = PBXContainerItemProxy;
			containerPortal = 87CEB3F426302EDA003ACA17 /* Project object */;
			proxyType = 1;
			remoteGlobalIDString = 87CEB3FB26302EDA003ACA17;
			remoteInfo = AppBaseConfig;
		};
		87CEB42326302EDC003ACA17 /* PBXContainerItemProxy */ = {
			isa = PBXContainerItemProxy;
			containerPortal = 87CEB3F426302EDA003ACA17 /* Project object */;
			proxyType = 1;
			remoteGlobalIDString = 87CEB3FB26302EDA003ACA17;
			remoteInfo = AppBaseConfig;
		};
/* End PBXContainerItemProxy section */

/* Begin PBXFileReference section */
		87CEB3FC26302EDA003ACA17 /* AppBaseConfig.app */ = {isa = PBXFileReference; explicitFileType = wrapper.application; includeInIndex = 0; path = AppBaseConfig.app; sourceTree = BUILT_PRODUCTS_DIR; };
		87CEB3FF26302EDA003ACA17 /* AppDelegate.h */ = {isa = PBXFileReference; lastKnownFileType = sourcecode.c.h; path = AppDelegate.h; sourceTree = "<group>"; };
		87CEB40026302EDA003ACA17 /* AppDelegate.m */ = {isa = PBXFileReference; lastKnownFileType = sourcecode.c.objc; path = AppDelegate.m; sourceTree = "<group>"; };
		87CEB40226302EDA003ACA17 /* SceneDelegate.h */ = {isa = PBXFileReference; lastKnownFileType = sourcecode.c.h; path = SceneDelegate.h; sourceTree = "<group>"; };
		87CEB40326302EDA003ACA17 /* SceneDelegate.m */ = {isa = PBXFileReference; lastKnownFileType = sourcecode.c.objc; path = SceneDelegate.m; sourceTree = "<group>"; };
		87CEB40526302EDA003ACA17 /* ViewController.h */ = {isa = PBXFileReference; lastKnownFileType = sourcecode.c.h; path = ViewController.h; sourceTree = "<group>"; };
		87CEB40626302EDA003ACA17 /* ViewController.m */ = {isa = PBXFileReference; lastKnownFileType = sourcecode.c.objc; path = ViewController.m; sourceTree = "<group>"; };
		87CEB40926302EDA003ACA17 /* Base */ = {isa = PBXFileReference; lastKnownFileType = file.storyboard; name = Base; path = Base.lproj/Main.storyboard; sourceTree = "<group>"; };
		87CEB40B26302EDC003ACA17 /* Assets.xcassets */ = {isa = PBXFileReference; lastKnownFileType = folder.assetcatalog; path = Assets.xcassets; sourceTree = "<group>"; };
		87CEB40E26302EDC003ACA17 /* Base */ = {isa = PBXFileReference; lastKnownFileType = file.storyboard; name = Base; path = Base.lproj/LaunchScreen.storyboard; sourceTree = "<group>"; };
		87CEB41026302EDC003ACA17 /* Info.plist */ = {isa = PBXFileReference; lastKnownFileType = text.plist.xml; path = Info.plist; sourceTree = "<group>"; };
		87CEB41126302EDC003ACA17 /* main.m */ = {isa = PBXFileReference; lastKnownFileType = sourcecode.c.objc; path = main.m; sourceTree = "<group>"; };
		87CEB41726302EDC003ACA17 /* AppBaseConfigTests.xctest */ = {isa = PBXFileReference; explicitFileType = wrapper.cfbundle; includeInIndex = 0; path = AppBaseConfigTests.xctest; sourceTree = BUILT_PRODUCTS_DIR; };
		87CEB41B26302EDC003ACA17 /* AppBaseConfigTests.m */ = {isa = PBXFileReference; lastKnownFileType = sourcecode.c.objc; path = AppBaseConfigTests.m; sourceTree = "<group>"; };
		87CEB41D26302EDC003ACA17 /* Info.plist */ = {isa = PBXFileReference; lastKnownFileType = text.plist.xml; path = Info.plist; sourceTree = "<group>"; };
		87CEB42226302EDC003ACA17 /* AppBaseConfigUITests.xctest */ = {isa = PBXFileReference; explicitFileType = wrapper.cfbundle; includeInIndex = 0; path = AppBaseConfigUITests.xctest; sourceTree = BUILT_PRODUCTS_DIR; };
		87CEB42626302EDC003ACA17 /* AppBaseConfigUITests.m */ = {isa = PBXFileReference; lastKnownFileType = sourcecode.c.objc; path = AppBaseConfigUITests.m; sourceTree = "<group>"; };
		87CEB42826302EDC003ACA17 /* Info.plist */ = {isa = PBXFileReference; lastKnownFileType = text.plist.xml; path = Info.plist; sourceTree = "<group>"; };
		87CEB442263032E7003ACA17 /* mm_header.h */ = {isa = PBXFileReference; fileEncoding = 4; lastKnownFileType = sourcecode.c.h; path = mm_header.h; sourceTree = "<group>"; };
		87CEB444263032E7003ACA17 /* SSKeychain.h */ = {isa = PBXFileReference; fileEncoding = 4; lastKnownFileType = sourcecode.c.h; path = SSKeychain.h; sourceTree = "<group>"; };
		87CEB445263032E7003ACA17 /* SSKeychain.m */ = {isa = PBXFileReference; fileEncoding = 4; lastKnownFileType = sourcecode.c.objc; path = SSKeychain.m; sourceTree = "<group>"; };
		87CEB447263032E7003ACA17 /* UIButton+Method.h */ = {isa = PBXFileReference; fileEncoding = 4; lastKnownFileType = sourcecode.c.h; path = "UIButton+Method.h"; sourceTree = "<group>"; };
		87CEB448263032E7003ACA17 /* UIFont+Method.h */ = {isa = PBXFileReference; fileEncoding = 4; lastKnownFileType = sourcecode.c.h; path = "UIFont+Method.h"; sourceTree = "<group>"; };
		87CEB449263032E7003ACA17 /* NSString+Common.h */ = {isa = PBXFileReference; fileEncoding = 4; lastKnownFileType = sourcecode.c.h; path = "NSString+Common.h"; sourceTree = "<group>"; };
		87CEB44A263032E7003ACA17 /* UIImageView+Method.m */ = {isa = PBXFileReference; fileEncoding = 4; lastKnownFileType = sourcecode.c.objc; path = "UIImageView+Method.m"; sourceTree = "<group>"; };
		87CEB44B263032E7003ACA17 /* UILabel+Method.m */ = {isa = PBXFileReference; fileEncoding = 4; lastKnownFileType = sourcecode.c.objc; path = "UILabel+Method.m"; sourceTree = "<group>"; };
		87CEB44C263032E7003ACA17 /* UIImage+Method.m */ = {isa = PBXFileReference; fileEncoding = 4; lastKnownFileType = sourcecode.c.objc; path = "UIImage+Method.m"; sourceTree = "<group>"; };
		87CEB44D263032E7003ACA17 /* UIDevice+Method.h */ = {isa = PBXFileReference; fileEncoding = 4; lastKnownFileType = sourcecode.c.h; path = "UIDevice+Method.h"; sourceTree = "<group>"; };
		87CEB44E263032E7003ACA17 /* UIView+Frame.m */ = {isa = PBXFileReference; fileEncoding = 4; lastKnownFileType = sourcecode.c.objc; path = "UIView+Frame.m"; sourceTree = "<group>"; };
		87CEB44F263032E7003ACA17 /* NSDate+Method.m */ = {isa = PBXFileReference; fileEncoding = 4; lastKnownFileType = sourcecode.c.objc; path = "NSDate+Method.m"; sourceTree = "<group>"; };
		87CEB450263032E7003ACA17 /* NSLayoutConstraint+Property.h */ = {isa = PBXFileReference; fileEncoding = 4; lastKnownFileType = sourcecode.c.h; path = "NSLayoutConstraint+Property.h"; sourceTree = "<group>"; };
		87CEB451263032E7003ACA17 /* UIBarButtonItem+Method.h */ = {isa = PBXFileReference; fileEncoding = 4; lastKnownFileType = sourcecode.c.h; path = "UIBarButtonItem+Method.h"; sourceTree = "<group>"; };
		87CEB452263032E7003ACA17 /* NSMutableString+Method.h */ = {isa = PBXFileReference; fileEncoding = 4; lastKnownFileType = sourcecode.c.h; path = "NSMutableString+Method.h"; sourceTree = "<group>"; };
		87CEB453263032E7003ACA17 /* NSString+Common.m */ = {isa = PBXFileReference; fileEncoding = 4; lastKnownFileType = sourcecode.c.objc; path = "NSString+Common.m"; sourceTree = "<group>"; };
		87CEB454263032E7003ACA17 /* UIFont+Method.m */ = {isa = PBXFileReference; fileEncoding = 4; lastKnownFileType = sourcecode.c.objc; path = "UIFont+Method.m"; sourceTree = "<group>"; };
		87CEB455263032E7003ACA17 /* UIButton+Method.m */ = {isa = PBXFileReference; fileEncoding = 4; lastKnownFileType = sourcecode.c.objc; path = "UIButton+Method.m"; sourceTree = "<group>"; };
		87CEB456263032E7003ACA17 /* UIDevice+Method.m */ = {isa = PBXFileReference; fileEncoding = 4; lastKnownFileType = sourcecode.c.objc; path = "UIDevice+Method.m"; sourceTree = "<group>"; };
		87CEB457263032E7003ACA17 /* UIImage+Method.h */ = {isa = PBXFileReference; fileEncoding = 4; lastKnownFileType = sourcecode.c.h; path = "UIImage+Method.h"; sourceTree = "<group>"; };
		87CEB458263032E7003ACA17 /* UILabel+Method.h */ = {isa = PBXFileReference; fileEncoding = 4; lastKnownFileType = sourcecode.c.h; path = "UILabel+Method.h"; sourceTree = "<group>"; };
		87CEB459263032E7003ACA17 /* UIImageView+Method.h */ = {isa = PBXFileReference; fileEncoding = 4; lastKnownFileType = sourcecode.c.h; path = "UIImageView+Method.h"; sourceTree = "<group>"; };
		87CEB45A263032E7003ACA17 /* NSDate+Method.h */ = {isa = PBXFileReference; fileEncoding = 4; lastKnownFileType = sourcecode.c.h; path = "NSDate+Method.h"; sourceTree = "<group>"; };
		87CEB45B263032E7003ACA17 /* UIView+Frame.h */ = {isa = PBXFileReference; fileEncoding = 4; lastKnownFileType = sourcecode.c.h; path = "UIView+Frame.h"; sourceTree = "<group>"; };
		87CEB45C263032E7003ACA17 /* NSMutableString+Method.m */ = {isa = PBXFileReference; fileEncoding = 4; lastKnownFileType = sourcecode.c.objc; path = "NSMutableString+Method.m"; sourceTree = "<group>"; };
		87CEB45D263032E7003ACA17 /* NSLayoutConstraint+Property.m */ = {isa = PBXFileReference; fileEncoding = 4; lastKnownFileType = sourcecode.c.objc; path = "NSLayoutConstraint+Property.m"; sourceTree = "<group>"; };
		87CEB45E263032E7003ACA17 /* UIBarButtonItem+Method.m */ = {isa = PBXFileReference; fileEncoding = 4; lastKnownFileType = sourcecode.c.objc; path = "UIBarButtonItem+Method.m"; sourceTree = "<group>"; };
		87CEB460263032E7003ACA17 /* NSBundle+Language.m */ = {isa = PBXFileReference; fileEncoding = 4; lastKnownFileType = sourcecode.c.objc; path = "NSBundle+Language.m"; sourceTree = "<group>"; };
		87CEB461263032E7003ACA17 /* NSBundle+Language.h */ = {isa = PBXFileReference; fileEncoding = 4; lastKnownFileType = sourcecode.c.h; path = "NSBundle+Language.h"; sourceTree = "<group>"; };
		87CEB463263032E7003ACA17 /* MLongTitleLabel.h */ = {isa = PBXFileReference; fileEncoding = 4; lastKnownFileType = sourcecode.c.h; path = MLongTitleLabel.h; sourceTree = "<group>"; };
		87CEB464263032E7003ACA17 /* MLongTitleLabel.m */ = {isa = PBXFileReference; fileEncoding = 4; lastKnownFileType = sourcecode.c.objc; path = MLongTitleLabel.m; sourceTree = "<group>"; };
		87CEB465263032E7003ACA17 /* MacroHeader.h */ = {isa = PBXFileReference; fileEncoding = 4; lastKnownFileType = sourcecode.c.h; path = MacroHeader.h; sourceTree = "<group>"; };
/* End PBXFileReference section */

/* Begin PBXFrameworksBuildPhase section */
		87CEB3F926302EDA003ACA17 /* Frameworks */ = {
			isa = PBXFrameworksBuildPhase;
			buildActionMask = 2147483647;
			files = (
			);
			runOnlyForDeploymentPostprocessing = 0;
		};
		87CEB41426302EDC003ACA17 /* Frameworks */ = {
			isa = PBXFrameworksBuildPhase;
			buildActionMask = 2147483647;
			files = (
			);
			runOnlyForDeploymentPostprocessing = 0;
		};
		87CEB41F26302EDC003ACA17 /* Frameworks */ = {
			isa = PBXFrameworksBuildPhase;
			buildActionMask = 2147483647;
			files = (
			);
			runOnlyForDeploymentPostprocessing = 0;
		};
/* End PBXFrameworksBuildPhase section */

/* Begin PBXGroup section */
		87CEB3F326302EDA003ACA17 = {
			isa = PBXGroup;
			children = (
				87CEB3FE26302EDA003ACA17 /* AppBaseConfig */,
				87CEB41A26302EDC003ACA17 /* AppBaseConfigTests */,
				87CEB42526302EDC003ACA17 /* AppBaseConfigUITests */,
				87CEB3FD26302EDA003ACA17 /* Products */,
			);
			sourceTree = "<group>";
		};
		87CEB3FD26302EDA003ACA17 /* Products */ = {
			isa = PBXGroup;
			children = (
				87CEB3FC26302EDA003ACA17 /* AppBaseConfig.app */,
				87CEB41726302EDC003ACA17 /* AppBaseConfigTests.xctest */,
				87CEB42226302EDC003ACA17 /* AppBaseConfigUITests.xctest */,
			);
			name = Products;
			sourceTree = "<group>";
		};
		87CEB3FE26302EDA003ACA17 /* AppBaseConfig */ = {
			isa = PBXGroup;
			children = (
				87CEB3FF26302EDA003ACA17 /* AppDelegate.h */,
				87CEB40026302EDA003ACA17 /* AppDelegate.m */,
				87CEB40226302EDA003ACA17 /* SceneDelegate.h */,
				87CEB40326302EDA003ACA17 /* SceneDelegate.m */,
				87CEB40526302EDA003ACA17 /* ViewController.h */,
				87CEB40626302EDA003ACA17 /* ViewController.m */,
				87CEB441263032E7003ACA17 /* BaseConfig */,
				87CEB40826302EDA003ACA17 /* Main.storyboard */,
				87CEB40B26302EDC003ACA17 /* Assets.xcassets */,
				87CEB40D26302EDC003ACA17 /* LaunchScreen.storyboard */,
				87CEB41026302EDC003ACA17 /* Info.plist */,
				87CEB41126302EDC003ACA17 /* main.m */,
			);
			path = AppBaseConfig;
			sourceTree = "<group>";
		};
		87CEB41A26302EDC003ACA17 /* AppBaseConfigTests */ = {
			isa = PBXGroup;
			children = (
				87CEB41B26302EDC003ACA17 /* AppBaseConfigTests.m */,
				87CEB41D26302EDC003ACA17 /* Info.plist */,
			);
			path = AppBaseConfigTests;
			sourceTree = "<group>";
		};
		87CEB42526302EDC003ACA17 /* AppBaseConfigUITests */ = {
			isa = PBXGroup;
			children = (
				87CEB42626302EDC003ACA17 /* AppBaseConfigUITests.m */,
				87CEB42826302EDC003ACA17 /* Info.plist */,
			);
			path = AppBaseConfigUITests;
			sourceTree = "<group>";
		};
		87CEB441263032E7003ACA17 /* BaseConfig */ = {
			isa = PBXGroup;
			children = (
				87CEB442263032E7003ACA17 /* mm_header.h */,
				87CEB443263032E7003ACA17 /* SSKeychain */,
				87CEB446263032E7003ACA17 /* View */,
				87CEB45F263032E7003ACA17 /* Lauguage */,
				87CEB462263032E7003ACA17 /* CustomView */,
				87CEB465263032E7003ACA17 /* MacroHeader.h */,
			);
			path = BaseConfig;
			sourceTree = "<group>";
		};
		87CEB443263032E7003ACA17 /* SSKeychain */ = {
			isa = PBXGroup;
			children = (
				87CEB444263032E7003ACA17 /* SSKeychain.h */,
				87CEB445263032E7003ACA17 /* SSKeychain.m */,
			);
			path = SSKeychain;
			sourceTree = "<group>";
		};
		87CEB446263032E7003ACA17 /* View */ = {
			isa = PBXGroup;
			children = (
				87CEB447263032E7003ACA17 /* UIButton+Method.h */,
				87CEB448263032E7003ACA17 /* UIFont+Method.h */,
				87CEB449263032E7003ACA17 /* NSString+Common.h */,
				87CEB44A263032E7003ACA17 /* UIImageView+Method.m */,
				87CEB44B263032E7003ACA17 /* UILabel+Method.m */,
				87CEB44C263032E7003ACA17 /* UIImage+Method.m */,
				87CEB44D263032E7003ACA17 /* UIDevice+Method.h */,
				87CEB44E263032E7003ACA17 /* UIView+Frame.m */,
				87CEB44F263032E7003ACA17 /* NSDate+Method.m */,
				87CEB450263032E7003ACA17 /* NSLayoutConstraint+Property.h */,
				87CEB451263032E7003ACA17 /* UIBarButtonItem+Method.h */,
				87CEB452263032E7003ACA17 /* NSMutableString+Method.h */,
				87CEB453263032E7003ACA17 /* NSString+Common.m */,
				87CEB454263032E7003ACA17 /* UIFont+Method.m */,
				87CEB455263032E7003ACA17 /* UIButton+Method.m */,
				87CEB456263032E7003ACA17 /* UIDevice+Method.m */,
				87CEB457263032E7003ACA17 /* UIImage+Method.h */,
				87CEB458263032E7003ACA17 /* UILabel+Method.h */,
				87CEB459263032E7003ACA17 /* UIImageView+Method.h */,
				87CEB45A263032E7003ACA17 /* NSDate+Method.h */,
				87CEB45B263032E7003ACA17 /* UIView+Frame.h */,
				87CEB45C263032E7003ACA17 /* NSMutableString+Method.m */,
				87CEB45D263032E7003ACA17 /* NSLayoutConstraint+Property.m */,
				87CEB45E263032E7003ACA17 /* UIBarButtonItem+Method.m */,
			);
			path = View;
			sourceTree = "<group>";
		};
		87CEB45F263032E7003ACA17 /* Lauguage */ = {
			isa = PBXGroup;
			children = (
				87CEB460263032E7003ACA17 /* NSBundle+Language.m */,
				87CEB461263032E7003ACA17 /* NSBundle+Language.h */,
			);
			path = Lauguage;
			sourceTree = "<group>";
		};
		87CEB462263032E7003ACA17 /* CustomView */ = {
			isa = PBXGroup;
			children = (
				87CEB463263032E7003ACA17 /* MLongTitleLabel.h */,
				87CEB464263032E7003ACA17 /* MLongTitleLabel.m */,
			);
			path = CustomView;
			sourceTree = "<group>";
		};
/* End PBXGroup section */

/* Begin PBXNativeTarget section */
		87CEB3FB26302EDA003ACA17 /* AppBaseConfig */ = {
			isa = PBXNativeTarget;
			buildConfigurationList = 87CEB42B26302EDC003ACA17 /* Build configuration list for PBXNativeTarget "AppBaseConfig" */;
			buildPhases = (
				87CEB3F826302EDA003ACA17 /* Sources */,
				87CEB3F926302EDA003ACA17 /* Frameworks */,
				87CEB3FA26302EDA003ACA17 /* Resources */,
			);
			buildRules = (
			);
			dependencies = (
			);
			name = AppBaseConfig;
			productName = AppBaseConfig;
			productReference = 87CEB3FC26302EDA003ACA17 /* AppBaseConfig.app */;
			productType = "com.apple.product-type.application";
		};
		87CEB41626302EDC003ACA17 /* AppBaseConfigTests */ = {
			isa = PBXNativeTarget;
			buildConfigurationList = 87CEB42E26302EDC003ACA17 /* Build configuration list for PBXNativeTarget "AppBaseConfigTests" */;
			buildPhases = (
				87CEB41326302EDC003ACA17 /* Sources */,
				87CEB41426302EDC003ACA17 /* Frameworks */,
				87CEB41526302EDC003ACA17 /* Resources */,
			);
			buildRules = (
			);
			dependencies = (
				87CEB41926302EDC003ACA17 /* PBXTargetDependency */,
			);
			name = AppBaseConfigTests;
			productName = AppBaseConfigTests;
			productReference = 87CEB41726302EDC003ACA17 /* AppBaseConfigTests.xctest */;
			productType = "com.apple.product-type.bundle.unit-test";
		};
		87CEB42126302EDC003ACA17 /* AppBaseConfigUITests */ = {
			isa = PBXNativeTarget;
			buildConfigurationList = 87CEB43126302EDC003ACA17 /* Build configuration list for PBXNativeTarget "AppBaseConfigUITests" */;
			buildPhases = (
				87CEB41E26302EDC003ACA17 /* Sources */,
				87CEB41F26302EDC003ACA17 /* Frameworks */,
				87CEB42026302EDC003ACA17 /* Resources */,
			);
			buildRules = (
			);
			dependencies = (
				87CEB42426302EDC003ACA17 /* PBXTargetDependency */,
			);
			name = AppBaseConfigUITests;
			productName = AppBaseConfigUITests;
			productReference = 87CEB42226302EDC003ACA17 /* AppBaseConfigUITests.xctest */;
			productType = "com.apple.product-type.bundle.ui-testing";
		};
/* End PBXNativeTarget section */

/* Begin PBXProject section */
		87CEB3F426302EDA003ACA17 /* Project object */ = {
			isa = PBXProject;
			attributes = {
				LastUpgradeCheck = 1230;
				TargetAttributes = {
					87CEB3FB26302EDA003ACA17 = {
						CreatedOnToolsVersion = 12.3;
					};
					87CEB41626302EDC003ACA17 = {
						CreatedOnToolsVersion = 12.3;
						TestTargetID = 87CEB3FB26302EDA003ACA17;
					};
					87CEB42126302EDC003ACA17 = {
						CreatedOnToolsVersion = 12.3;
						TestTargetID = 87CEB3FB26302EDA003ACA17;
					};
				};
			};
			buildConfigurationList = 87CEB3F726302EDA003ACA17 /* Build configuration list for PBXProject "AppBaseConfig" */;
			compatibilityVersion = "Xcode 9.3";
			developmentRegion = en;
			hasScannedForEncodings = 0;
			knownRegions = (
				en,
				Base,
			);
			mainGroup = 87CEB3F326302EDA003ACA17;
			productRefGroup = 87CEB3FD26302EDA003ACA17 /* Products */;
			projectDirPath = "";
			projectRoot = "";
			targets = (
				87CEB3FB26302EDA003ACA17 /* AppBaseConfig */,
				87CEB41626302EDC003ACA17 /* AppBaseConfigTests */,
				87CEB42126302EDC003ACA17 /* AppBaseConfigUITests */,
			);
		};
/* End PBXProject section */

/* Begin PBXResourcesBuildPhase section */
		87CEB3FA26302EDA003ACA17 /* Resources */ = {
			isa = PBXResourcesBuildPhase;
			buildActionMask = 2147483647;
			files = (
				87CEB40F26302EDC003ACA17 /* LaunchScreen.storyboard in Resources */,
				87CEB40C26302EDC003ACA17 /* Assets.xcassets in Resources */,
				87CEB40A26302EDA003ACA17 /* Main.storyboard in Resources */,
			);
			runOnlyForDeploymentPostprocessing = 0;
		};
		87CEB41526302EDC003ACA17 /* Resources */ = {
			isa = PBXResourcesBuildPhase;
			buildActionMask = 2147483647;
			files = (
			);
			runOnlyForDeploymentPostprocessing = 0;
		};
		87CEB42026302EDC003ACA17 /* Resources */ = {
			isa = PBXResourcesBuildPhase;
			buildActionMask = 2147483647;
			files = (
			);
			runOnlyForDeploymentPostprocessing = 0;
		};
/* End PBXResourcesBuildPhase section */

/* Begin PBXSourcesBuildPhase section */
		87CEB3F826302EDA003ACA17 /* Sources */ = {
			isa = PBXSourcesBuildPhase;
			buildActionMask = 2147483647;
			files = (
				87CEB470263032E7003ACA17 /* NSMutableString+Method.m in Sources */,
				87CEB46F263032E7003ACA17 /* UIDevice+Method.m in Sources */,
				87CEB473263032E7003ACA17 /* NSBundle+Language.m in Sources */,
				87CEB469263032E7003ACA17 /* UIImage+Method.m in Sources */,
				87CEB40726302EDA003ACA17 /* ViewController.m in Sources */,
				87CEB468263032E7003ACA17 /* UILabel+Method.m in Sources */,
				87CEB46D263032E7003ACA17 /* UIFont+Method.m in Sources */,
				87CEB46A263032E7003ACA17 /* UIView+Frame.m in Sources */,
				87CEB46C263032E7003ACA17 /* NSString+Common.m in Sources */,
				87CEB40126302EDA003ACA17 /* AppDelegate.m in Sources */,
				87CEB41226302EDC003ACA17 /* main.m in Sources */,
				87CEB40426302EDA003ACA17 /* SceneDelegate.m in Sources */,
				87CEB46E263032E7003ACA17 /* UIButton+Method.m in Sources */,
				87CEB471263032E7003ACA17 /* NSLayoutConstraint+Property.m in Sources */,
				87CEB466263032E7003ACA17 /* SSKeychain.m in Sources */,
				87CEB474263032E7003ACA17 /* MLongTitleLabel.m in Sources */,
				87CEB472263032E7003ACA17 /* UIBarButtonItem+Method.m in Sources */,
				87CEB467263032E7003ACA17 /* UIImageView+Method.m in Sources */,
				87CEB46B263032E7003ACA17 /* NSDate+Method.m in Sources */,
			);
			runOnlyForDeploymentPostprocessing = 0;
		};
		87CEB41326302EDC003ACA17 /* Sources */ = {
			isa = PBXSourcesBuildPhase;
			buildActionMask = 2147483647;
			files = (
				87CEB41C26302EDC003ACA17 /* AppBaseConfigTests.m in Sources */,
			);
			runOnlyForDeploymentPostprocessing = 0;
		};
		87CEB41E26302EDC003ACA17 /* Sources */ = {
			isa = PBXSourcesBuildPhase;
			buildActionMask = 2147483647;
			files = (
				87CEB42726302EDC003ACA17 /* AppBaseConfigUITests.m in Sources */,
			);
			runOnlyForDeploymentPostprocessing = 0;
		};
/* End PBXSourcesBuildPhase section */

/* Begin PBXTargetDependency section */
		87CEB41926302EDC003ACA17 /* PBXTargetDependency */ = {
			isa = PBXTargetDependency;
			target = 87CEB3FB26302EDA003ACA17 /* AppBaseConfig */;
			targetProxy = 87CEB41826302EDC003ACA17 /* PBXContainerItemProxy */;
		};
		87CEB42426302EDC003ACA17 /* PBXTargetDependency */ = {
			isa = PBXTargetDependency;
			target = 87CEB3FB26302EDA003ACA17 /* AppBaseConfig */;
			targetProxy = 87CEB42326302EDC003ACA17 /* PBXContainerItemProxy */;
		};
/* End PBXTargetDependency section */

/* Begin PBXVariantGroup section */
		87CEB40826302EDA003ACA17 /* Main.storyboard */ = {
			isa = PBXVariantGroup;
			children = (
				87CEB40926302EDA003ACA17 /* Base */,
			);
			name = Main.storyboard;
			sourceTree = "<group>";
		};
		87CEB40D26302EDC003ACA17 /* LaunchScreen.storyboard */ = {
			isa = PBXVariantGroup;
			children = (
				87CEB40E26302EDC003ACA17 /* Base */,
			);
			name = LaunchScreen.storyboard;
			sourceTree = "<group>";
		};
/* End PBXVariantGroup section */

/* Begin XCBuildConfiguration section */
		87CEB42926302EDC003ACA17 /* Debug */ = {
			isa = XCBuildConfiguration;
			buildSettings = {
				ALWAYS_SEARCH_USER_PATHS = NO;
				CLANG_ANALYZER_NONNULL = YES;
				CLANG_ANALYZER_NUMBER_OBJECT_CONVERSION = YES_AGGRESSIVE;
				CLANG_CXX_LANGUAGE_STANDARD = "gnu++14";
				CLANG_CXX_LIBRARY = "libc++";
				CLANG_ENABLE_MODULES = YES;
				CLANG_ENABLE_OBJC_ARC = YES;
				CLANG_ENABLE_OBJC_WEAK = YES;
				CLANG_WARN_BLOCK_CAPTURE_AUTORELEASING = YES;
				CLANG_WARN_BOOL_CONVERSION = YES;
				CLANG_WARN_COMMA = YES;
				CLANG_WARN_CONSTANT_CONVERSION = YES;
				CLANG_WARN_DEPRECATED_OBJC_IMPLEMENTATIONS = YES;
				CLANG_WARN_DIRECT_OBJC_ISA_USAGE = YES_ERROR;
				CLANG_WARN_DOCUMENTATION_COMMENTS = YES;
				CLANG_WARN_EMPTY_BODY = YES;
				CLANG_WARN_ENUM_CONVERSION = YES;
				CLANG_WARN_INFINITE_RECURSION = YES;
				CLANG_WARN_INT_CONVERSION = YES;
				CLANG_WARN_NON_LITERAL_NULL_CONVERSION = YES;
				CLANG_WARN_OBJC_IMPLICIT_RETAIN_SELF = YES;
				CLANG_WARN_OBJC_LITERAL_CONVERSION = YES;
				CLANG_WARN_OBJC_ROOT_CLASS = YES_ERROR;
				CLANG_WARN_QUOTED_INCLUDE_IN_FRAMEWORK_HEADER = YES;
				CLANG_WARN_RANGE_LOOP_ANALYSIS = YES;
				CLANG_WARN_STRICT_PROTOTYPES = YES;
				CLANG_WARN_SUSPICIOUS_MOVE = YES;
				CLANG_WARN_UNGUARDED_AVAILABILITY = YES_AGGRESSIVE;
				CLANG_WARN_UNREACHABLE_CODE = YES;
				CLANG_WARN__DUPLICATE_METHOD_MATCH = YES;
				COPY_PHASE_STRIP = NO;
				DEBUG_INFORMATION_FORMAT = dwarf;
				ENABLE_STRICT_OBJC_MSGSEND = YES;
				ENABLE_TESTABILITY = YES;
				GCC_C_LANGUAGE_STANDARD = gnu11;
				GCC_DYNAMIC_NO_PIC = NO;
				GCC_NO_COMMON_BLOCKS = YES;
				GCC_OPTIMIZATION_LEVEL = 0;
				GCC_PREPROCESSOR_DEFINITIONS = (
					"DEBUG=1",
					"$(inherited)",
				);
				GCC_WARN_64_TO_32_BIT_CONVERSION = YES;
				GCC_WARN_ABOUT_RETURN_TYPE = YES_ERROR;
				GCC_WARN_UNDECLARED_SELECTOR = YES;
				GCC_WARN_UNINITIALIZED_AUTOS = YES_AGGRESSIVE;
				GCC_WARN_UNUSED_FUNCTION = YES;
				GCC_WARN_UNUSED_VARIABLE = YES;
				IPHONEOS_DEPLOYMENT_TARGET = 14.3;
				MTL_ENABLE_DEBUG_INFO = INCLUDE_SOURCE;
				MTL_FAST_MATH = YES;
				ONLY_ACTIVE_ARCH = YES;
				SDKROOT = iphoneos;
			};
			name = Debug;
		};
		87CEB42A26302EDC003ACA17 /* Release */ = {
			isa = XCBuildConfiguration;
			buildSettings = {
				ALWAYS_SEARCH_USER_PATHS = NO;
				CLANG_ANALYZER_NONNULL = YES;
				CLANG_ANALYZER_NUMBER_OBJECT_CONVERSION = YES_AGGRESSIVE;
				CLANG_CXX_LANGUAGE_STANDARD = "gnu++14";
				CLANG_CXX_LIBRARY = "libc++";
				CLANG_ENABLE_MODULES = YES;
				CLANG_ENABLE_OBJC_ARC = YES;
				CLANG_ENABLE_OBJC_WEAK = YES;
				CLANG_WARN_BLOCK_CAPTURE_AUTORELEASING = YES;
				CLANG_WARN_BOOL_CONVERSION = YES;
				CLANG_WARN_COMMA = YES;
				CLANG_WARN_CONSTANT_CONVERSION = YES;
				CLANG_WARN_DEPRECATED_OBJC_IMPLEMENTATIONS = YES;
				CLANG_WARN_DIRECT_OBJC_ISA_USAGE = YES_ERROR;
				CLANG_WARN_DOCUMENTATION_COMMENTS = YES;
				CLANG_WARN_EMPTY_BODY = YES;
				CLANG_WARN_ENUM_CONVERSION = YES;
				CLANG_WARN_INFINITE_RECURSION = YES;
				CLANG_WARN_INT_CONVERSION = YES;
				CLANG_WARN_NON_LITERAL_NULL_CONVERSION = YES;
				CLANG_WARN_OBJC_IMPLICIT_RETAIN_SELF = YES;
				CLANG_WARN_OBJC_LITERAL_CONVERSION = YES;
				CLANG_WARN_OBJC_ROOT_CLASS = YES_ERROR;
				CLANG_WARN_QUOTED_INCLUDE_IN_FRAMEWORK_HEADER = YES;
				CLANG_WARN_RANGE_LOOP_ANALYSIS = YES;
				CLANG_WARN_STRICT_PROTOTYPES = YES;
				CLANG_WARN_SUSPICIOUS_MOVE = YES;
				CLANG_WARN_UNGUARDED_AVAILABILITY = YES_AGGRESSIVE;
				CLANG_WARN_UNREACHABLE_CODE = YES;
				CLANG_WARN__DUPLICATE_METHOD_MATCH = YES;
				COPY_PHASE_STRIP = NO;
				DEBUG_INFORMATION_FORMAT = "dwarf-with-dsym";
				ENABLE_NS_ASSERTIONS = NO;
				ENABLE_STRICT_OBJC_MSGSEND = YES;
				GCC_C_LANGUAGE_STANDARD = gnu11;
				GCC_NO_COMMON_BLOCKS = YES;
				GCC_WARN_64_TO_32_BIT_CONVERSION = YES;
				GCC_WARN_ABOUT_RETURN_TYPE = YES_ERROR;
				GCC_WARN_UNDECLARED_SELECTOR = YES;
				GCC_WARN_UNINITIALIZED_AUTOS = YES_AGGRESSIVE;
				GCC_WARN_UNUSED_FUNCTION = YES;
				GCC_WARN_UNUSED_VARIABLE = YES;
				IPHONEOS_DEPLOYMENT_TARGET = 14.3;
				MTL_ENABLE_DEBUG_INFO = NO;
				MTL_FAST_MATH = YES;
				SDKROOT = iphoneos;
				VALIDATE_PRODUCT = YES;
			};
			name = Release;
		};
		87CEB42C26302EDC003ACA17 /* Debug */ = {
			isa = XCBuildConfiguration;
			buildSettings = {
				ASSETCATALOG_COMPILER_APPICON_NAME = AppIcon;
				ASSETCATALOG_COMPILER_GLOBAL_ACCENT_COLOR_NAME = AccentColor;
				CODE_SIGN_STYLE = Automatic;
				INFOPLIST_FILE = AppBaseConfig/Info.plist;
				LD_RUNPATH_SEARCH_PATHS = (
					"$(inherited)",
					"@executable_path/Frameworks",
				);
				PRODUCT_BUNDLE_IDENTIFIER = com.test.test.AppBaseConfig;
				PRODUCT_NAME = "$(TARGET_NAME)";
				TARGETED_DEVICE_FAMILY = "1,2";
			};
			name = Debug;
		};
		87CEB42D26302EDC003ACA17 /* Release */ = {
			isa = XCBuildConfiguration;
			buildSettings = {
				ASSETCATALOG_COMPILER_APPICON_NAME = AppIcon;
				ASSETCATALOG_COMPILER_GLOBAL_ACCENT_COLOR_NAME = AccentColor;
				CODE_SIGN_STYLE = Automatic;
				INFOPLIST_FILE = AppBaseConfig/Info.plist;
				LD_RUNPATH_SEARCH_PATHS = (
					"$(inherited)",
					"@executable_path/Frameworks",
				);
				PRODUCT_BUNDLE_IDENTIFIER = com.test.test.AppBaseConfig;
				PRODUCT_NAME = "$(TARGET_NAME)";
				TARGETED_DEVICE_FAMILY = "1,2";
			};
			name = Release;
		};
		87CEB42F26302EDC003ACA17 /* Debug */ = {
			isa = XCBuildConfiguration;
			buildSettings = {
				BUNDLE_LOADER = "$(TEST_HOST)";
				CODE_SIGN_STYLE = Automatic;
				INFOPLIST_FILE = AppBaseConfigTests/Info.plist;
				IPHONEOS_DEPLOYMENT_TARGET = 14.3;
				LD_RUNPATH_SEARCH_PATHS = (
					"$(inherited)",
					"@executable_path/Frameworks",
					"@loader_path/Frameworks",
				);
				PRODUCT_BUNDLE_IDENTIFIER = com.test.test.AppBaseConfigTests;
				PRODUCT_NAME = "$(TARGET_NAME)";
				TARGETED_DEVICE_FAMILY = "1,2";
				TEST_HOST = "$(BUILT_PRODUCTS_DIR)/AppBaseConfig.app/AppBaseConfig";
			};
			name = Debug;
		};
		87CEB43026302EDC003ACA17 /* Release */ = {
			isa = XCBuildConfiguration;
			buildSettings = {
				BUNDLE_LOADER = "$(TEST_HOST)";
				CODE_SIGN_STYLE = Automatic;
				INFOPLIST_FILE = AppBaseConfigTests/Info.plist;
				IPHONEOS_DEPLOYMENT_TARGET = 14.3;
				LD_RUNPATH_SEARCH_PATHS = (
					"$(inherited)",
					"@executable_path/Frameworks",
					"@loader_path/Frameworks",
				);
				PRODUCT_BUNDLE_IDENTIFIER = com.test.test.AppBaseConfigTests;
				PRODUCT_NAME = "$(TARGET_NAME)";
				TARGETED_DEVICE_FAMILY = "1,2";
				TEST_HOST = "$(BUILT_PRODUCTS_DIR)/AppBaseConfig.app/AppBaseConfig";
			};
			name = Release;
		};
		87CEB43226302EDC003ACA17 /* Debug */ = {
			isa = XCBuildConfiguration;
			buildSettings = {
				CODE_SIGN_STYLE = Automatic;
				INFOPLIST_FILE = AppBaseConfigUITests/Info.plist;
				LD_RUNPATH_SEARCH_PATHS = (
					"$(inherited)",
					"@executable_path/Frameworks",
					"@loader_path/Frameworks",
				);
				PRODUCT_BUNDLE_IDENTIFIER = com.test.test.AppBaseConfigUITests;
				PRODUCT_NAME = "$(TARGET_NAME)";
				TARGETED_DEVICE_FAMILY = "1,2";
				TEST_TARGET_NAME = AppBaseConfig;
			};
			name = Debug;
		};
		87CEB43326302EDC003ACA17 /* Release */ = {
			isa = XCBuildConfiguration;
			buildSettings = {
				CODE_SIGN_STYLE = Automatic;
				INFOPLIST_FILE = AppBaseConfigUITests/Info.plist;
				LD_RUNPATH_SEARCH_PATHS = (
					"$(inherited)",
					"@executable_path/Frameworks",
					"@loader_path/Frameworks",
				);
				PRODUCT_BUNDLE_IDENTIFIER = com.test.test.AppBaseConfigUITests;
				PRODUCT_NAME = "$(TARGET_NAME)";
				TARGETED_DEVICE_FAMILY = "1,2";
				TEST_TARGET_NAME = AppBaseConfig;
			};
			name = Release;
		};
/* End XCBuildConfiguration section */

/* Begin XCConfigurationList section */
		87CEB3F726302EDA003ACA17 /* Build configuration list for PBXProject "AppBaseConfig" */ = {
			isa = XCConfigurationList;
			buildConfigurations = (
				87CEB42926302EDC003ACA17 /* Debug */,
				87CEB42A26302EDC003ACA17 /* Release */,
			);
			defaultConfigurationIsVisible = 0;
			defaultConfigurationName = Release;
		};
		87CEB42B26302EDC003ACA17 /* Build configuration list for PBXNativeTarget "AppBaseConfig" */ = {
			isa = XCConfigurationList;
			buildConfigurations = (
				87CEB42C26302EDC003ACA17 /* Debug */,
				87CEB42D26302EDC003ACA17 /* Release */,
			);
			defaultConfigurationIsVisible = 0;
			defaultConfigurationName = Release;
		};
		87CEB42E26302EDC003ACA17 /* Build configuration list for PBXNativeTarget "AppBaseConfigTests" */ = {
			isa = XCConfigurationList;
			buildConfigurations = (
				87CEB42F26302EDC003ACA17 /* Debug */,
				87CEB43026302EDC003ACA17 /* Release */,
			);
			defaultConfigurationIsVisible = 0;
			defaultConfigurationName = Release;
		};
		87CEB43126302EDC003ACA17 /* Build configuration list for PBXNativeTarget "AppBaseConfigUITests" */ = {
			isa = XCConfigurationList;
			buildConfigurations = (
				87CEB43226302EDC003ACA17 /* Debug */,
				87CEB43326302EDC003ACA17 /* Release */,
			);
			defaultConfigurationIsVisible = 0;
			defaultConfigurationName = Release;
		};
/* End XCConfigurationList section */
	};
	rootObject = 87CEB3F426302EDA003ACA17 /* Project object */;
}
